
Microsoft Visual Studio Solution File, Format Version 12.00
# Visual Studio Version 17
VisualStudioVersion = 17.3.32922.545
MinimumVisualStudioVersion = 10.0.40219.1
Project("{FAE04EC0-301F-11D3-BF4B-00C04F79EFBC}") = "Rot13", "Rot13\Rot13.csproj", "{34ECBC99-CF7F-4364-B493-0E7DB7786259}"
EndProject
Project("{FAE04EC0-301F-11D3-BF4B-00C04F79EFBC}") = "Rot13Test", "Rot13Test\Rot13Test.csproj", "{F76FD723-7583-4A44-AB92-C35775F69C2F}"
EndProject
Global
	GlobalSection(SolutionConfigurationPlatforms) = preSolution
		Debug|Any CPU = Debug|Any CPU
		Release|Any CPU = Release|Any CPU
	EndGlobalSection
	GlobalSection(ProjectConfigurationPlatforms) = postSolution
		{34ECBC99-CF7F-4364-B493-0E7DB7786259}.Debug|Any CPU.ActiveCfg = Debug|Any CPU
		{34ECBC99-CF7F-4364-B493-0E7DB7786259}.Debug|Any CPU.Build.0 = Debug|Any CPU
		{34ECBC99-CF7F-4364-B493-0E7DB7786259}.Release|Any CPU.ActiveCfg = Release|Any CPU
		{34ECBC99-CF7F-4364-B493-0E7DB7786259}.Release|Any CPU.Build.0 = Release|Any CPU
		{F76FD723-7583-4A44-AB92-C35775F69C2F}.Debug|Any CPU.ActiveCfg = Debug|Any CPU
		{F76FD723-7583-4A44-AB92-C35775F69C2F}.Debug|Any CPU.Build.0 = Debug|Any CPU
		{F76FD723-7583-4A44-AB92-C35775F69C2F}.Release|Any CPU.ActiveCfg = Release|Any CPU
		{F76FD723-7583-4A44-AB92-C35775F69C2F}.Release|Any CPU.Build.0 = Release|Any CPU
	EndGlobalSection
	GlobalSection(SolutionProperties) = preSolution
		HideSolutionNode = FALSE
	EndGlobalSection
	GlobalSection(ExtensibilityGlobals) = postSolution
		SolutionGuid = {1D2DB40D-4B1F-4549-9CB9-C129922169ED}
	EndGlobalSection
EndGlobal
