
Microsoft Visual Studio Solution File, Format Version 12.00
# Visual Studio Version 17
VisualStudioVersion = 17.3.32922.545
MinimumVisualStudioVersion = 10.0.40219.1
Project("{9A19103F-16F7-4668-BE54-9A1E7A4F7556}") = "Geometry", "Geometry\Geometry.csproj", "{4785D0CC-64E1-406E-9231-307A9B42FFCD}"
EndProject
Project("{9A19103F-16F7-4668-BE54-9A1E7A4F7556}") = "LeagueTable", "LeagueTable\LeagueTable.csproj", "{ECBDC522-D941-4A18-83E1-4A26E5137AF5}"
EndProject
Project("{9A19103F-16F7-4668-BE54-9A1E7A4F7556}") = "ParkingLot", "ParkingLot\ParkingLot.csproj", "{A6257534-CCC9-49D7-BC7A-768990E21125}"
EndProject
Project("{9A19103F-16F7-4668-BE54-9A1E7A4F7556}") = "Payroll", "Payroll\Payroll.csproj", "{4D688F6E-78F0-4BBE-A716-E715B8611EC2}"
EndProject
Global
	GlobalSection(SolutionConfigurationPlatforms) = preSolution
		Debug|Any CPU = Debug|Any CPU
		Release|Any CPU = Release|Any CPU
	EndGlobalSection
	GlobalSection(ProjectConfigurationPlatforms) = postSolution
		{4785D0CC-64E1-406E-9231-307A9B42FFCD}.Debug|Any CPU.ActiveCfg = Debug|Any CPU
		{4785D0CC-64E1-406E-9231-307A9B42FFCD}.Debug|Any CPU.Build.0 = Debug|Any CPU
		{4785D0CC-64E1-406E-9231-307A9B42FFCD}.Release|Any CPU.ActiveCfg = Release|Any CPU
		{4785D0CC-64E1-406E-9231-307A9B42FFCD}.Release|Any CPU.Build.0 = Release|Any CPU
		{ECBDC522-D941-4A18-83E1-4A26E5137AF5}.Debug|Any CPU.ActiveCfg = Debug|Any CPU
		{ECBDC522-D941-4A18-83E1-4A26E5137AF5}.Debug|Any CPU.Build.0 = Debug|Any CPU
		{ECBDC522-D941-4A18-83E1-4A26E5137AF5}.Release|Any CPU.ActiveCfg = Release|Any CPU
		{ECBDC522-D941-4A18-83E1-4A26E5137AF5}.Release|Any CPU.Build.0 = Release|Any CPU
		{A6257534-CCC9-49D7-BC7A-768990E21125}.Debug|Any CPU.ActiveCfg = Debug|Any CPU
		{A6257534-CCC9-49D7-BC7A-768990E21125}.Debug|Any CPU.Build.0 = Debug|Any CPU
		{A6257534-CCC9-49D7-BC7A-768990E21125}.Release|Any CPU.ActiveCfg = Release|Any CPU
		{A6257534-CCC9-49D7-BC7A-768990E21125}.Release|Any CPU.Build.0 = Release|Any CPU
		{4D688F6E-78F0-4BBE-A716-E715B8611EC2}.Debug|Any CPU.ActiveCfg = Debug|Any CPU
		{4D688F6E-78F0-4BBE-A716-E715B8611EC2}.Debug|Any CPU.Build.0 = Debug|Any CPU
		{4D688F6E-78F0-4BBE-A716-E715B8611EC2}.Release|Any CPU.ActiveCfg = Release|Any CPU
		{4D688F6E-78F0-4BBE-A716-E715B8611EC2}.Release|Any CPU.Build.0 = Release|Any CPU
	EndGlobalSection
	GlobalSection(SolutionProperties) = preSolution
		HideSolutionNode = FALSE
	EndGlobalSection
	GlobalSection(ExtensibilityGlobals) = postSolution
		SolutionGuid = {1C38A5E2-46A5-4005-BB4F-B5836FF93786}
	EndGlobalSection
EndGlobal
